{
  "originHash" : "e480501e98ce499addae5825b517a51b25d2c4995a03d87f5b97301646db6299",
  "pins" : [
    {
      "identity" : "swift-collections",
      "kind" : "remoteSourceControl",
      "location" : "https://github.com/apple/swift-collections.git",
      "state" : {
        "revision" : "8c0c0a8b49e080e54e5e328cc552821ff07cd341",
        "version" : "1.2.1"
      }
    },
    {
      "identity" : "swiftlintplugins",
      "kind" : "remoteSourceControl",
      "location" : "https://github.com/SimplyDanny/SwiftLintPlugins",
      "state" : {
        "revision" : "8545ddf4de043e6f2051c5cf204f39ef778ebf6b",
        "version" : "0.59.1"
      }
    }
  ],
  "version" : 3
}
