{
  "originHash" : "0f1bf483faa6e0c916fa194b2693e5ccd3550cb08cb8f53b83e0d624c6b80580",
  "pins" : [
    {
      "identity" : "swift-collections",
      "kind" : "remoteSourceControl",
      "location" : "https://github.com/apple/swift-collections.git",
      "state" : {
        "revision" : "8c0c0a8b49e080e54e5e328cc552821ff07cd341",
        "version" : "1.2.1"
      }
    },
    {
      "identity" : "swiftlintplugins",
      "kind" : "remoteSourceControl",
      "location" : "https://github.com/SimplyDanny/SwiftLintPlugins",
      "state" : {
        "revision" : "6166499ede0efe43c3809f101d2c3cd409e2b77a",
        "version" : "0.61.0"
      }
    }
  ],
  "version" : 3
}
